<?xml version="1.0" encoding="utf-8"?>
<Project ToolsVersion="4.0" xmlns="http://schemas.microsoft.com/developer/msbuild/2003">
  <ItemGroup>
    <Filter Include="Source Files">
      <UniqueIdentifier>{4FC737F1-C7A5-4376-A066-2A32D752A2FF}</UniqueIdentifier>
      <Extensions>cpp;c;cc;cxx;c++;cppm;ixx;def;odl;idl;hpj;bat;asm;asmx</Extensions>
    </Filter>
    <Filter Include="Header Files">
      <UniqueIdentifier>{93995380-89BD-4b04-88EB-625FBE52EBFB}</UniqueIdentifier>
      <Extensions>h;hh;hpp;hxx;h++;hm;inl;inc;ipp;xsd</Extensions>
    </Filter>
    <Filter Include="Resource Files">
      <UniqueIdentifier>{67DA6AB6-F800-4c08-8B7A-83BB121AAD01}</UniqueIdentifier>
      <Extensions>rc;ico;cur;bmp;dlg;rc2;rct;bin;rgs;gif;jpg;jpeg;jpe;resx;tiff;tif;png;wav;mfcribbon-ms</Extensions>
    </Filter>
    <Filter Include="State Handlers">
      <UniqueIdentifier>{8ff0c121-e1cc-463f-a4a1-dbca01e3159c}</UniqueIdentifier>
    </Filter>
    <Filter Include="State Handlers\Header Files">
      <UniqueIdentifier>{aa9841e4-f218-4290-958d-029df0016d93}</UniqueIdentifier>
    </Filter>
    <Filter Include="State Handlers\Source Files">
      <UniqueIdentifier>{4d5dd68c-3a23-4503-bf09-654500ce1174}</UniqueIdentifier>
    </Filter>
    <Filter Include="Core">
      <UniqueIdentifier>{f3538ae9-d6bc-435e-ac32-afe7922f885a}</UniqueIdentifier>
    </Filter>
    <Filter Include="Core\Header Files">
      <UniqueIdentifier>{4cf7b69c-8d36-49a0-a99f-70967878c1ee}</UniqueIdentifier>
    </Filter>
    <Filter Include="Core\Source Files">
      <UniqueIdentifier>{63328ac4-a2ad-4926-bec3-7a0159f8bdbb}</UniqueIdentifier>
    </Filter>
  </ItemGroup>
  <ItemGroup>
    <ClInclude Include="src\Character.h">
      <Filter>Core\Header Files</Filter>
    </ClInclude>
    <ClInclude Include="src\CharacterConditions.h">
      <Filter>Core\Header Files</Filter>
    </ClInclude>
    <ClInclude Include="src\DungeonScene.h">
      <Filter>Core\Header Files</Filter>
    </ClInclude>
    <ClInclude Include="src\Exception.h">
      <Filter>Core\Header Files</Filter>
    </ClInclude>
    <ClInclude Include="src\Game.h">
      <Filter>Core\Header Files</Filter>
    </ClInclude>
    <ClInclude Include="src\Map.h">
      <Filter>Core\Header Files</Filter>
    </ClInclude>
    <ClInclude Include="src\MapFile.h">
      <Filter>Core\Header Files</Filter>
    </ClInclude>
    <ClInclude Include="src\mpInterfaces.h">
      <Filter>Core\Header Files</Filter>
    </ClInclude>
    <ClInclude Include="src\Player.h">
      <Filter>Core\Header Files</Filter>
    </ClInclude>
    <ClInclude Include="src\Scene.h">
      <Filter>Core\Header Files</Filter>
    </ClInclude>
    <ClInclude Include="src\Stats.h">
      <Filter>Core\Header Files</Filter>
    </ClInclude>
    <ClInclude Include="src\Timers.h">
      <Filter>Core\Header Files</Filter>
    </ClInclude>
    <ClInclude Include="src\StateHandler.h">
      <Filter>State Handlers\Header Files</Filter>
    </ClInclude>
    <ClInclude Include="src\DungeonStateHandler.h">
      <Filter>State Handlers\Header Files</Filter>
    </ClInclude>
  </ItemGroup>
  <ItemGroup>
    <ClCompile Include="src\AverageMsTimer.cpp">
      <Filter>Core\Source Files</Filter>
    </ClCompile>
    <ClCompile Include="src\Character.cpp">
      <Filter>Core\Source Files</Filter>
    </ClCompile>
    <ClCompile Include="src\DungeonScene.cpp">
      <Filter>Core\Source Files</Filter>
    </ClCompile>
    <ClCompile Include="src\MpGame.cpp">
      <Filter>Core\Source Files</Filter>
    </ClCompile>
    <ClCompile Include="src\DungeontateHandler.cpp">
      <Filter>State Handlers\Source Files</Filter>
    </ClCompile>
  </ItemGroup>
</Project>